{
  "requires": true,
  "lockfileVersion": 1,
  "dependencies": {
    "agora-rtc-sdk": {
      "version": "3.2.1",
      "resolved": "https://registry.npmjs.org/agora-rtc-sdk/-/agora-rtc-sdk-3.2.1.tgz",
      "integrity": "sha512-deQBTmN7rDRKFop/opbZrYUIkI4SCOFE4bV0ulf8lbZJj06K1UZI/F/92RbTGiFAscFFE0gGWNzG4ZlKmOsMCA=="
    },
    "agora-rtc-sdk-ng": {
      "version": "4.1.0",
      "resolved": "https://registry.npmjs.org/agora-rtc-sdk-ng/-/agora-rtc-sdk-ng-4.1.0.tgz",
      "integrity": "sha512-pRSbvIVEP18tIVa7qCVqR0AxfpTOWJxhD7s3IWqWmVVrQFgf9oPaS+5JnIYfu5XRlaNamuZaQ5MKK3X3+uKOpA=="
    }
  }
}
